
Microsoft Visual Studio Solution File, Format Version 12.00
# Visual Studio 15
VisualStudioVersion = 15.0.26430.16
MinimumVisualStudioVersion = 10.0.40219.1
Project("{FAE04EC0-301F-11D3-BF4B-00C04F79EFBC}") = "CM_HomeWork", "CM_HomeWork\CM_HomeWork.csproj", "{61F60E97-D6F6-47BC-A377-CD2A7C988BED}"
EndProject
Project("{FAE04EC0-301F-11D3-BF4B-00C04F79EFBC}") = "FizzBuzzTest", "FizzBuzzTest\FizzBuzzTest.csproj", "{3F4DEE87-1FC8-4D5A-9D73-4529EC11A4D0}"
EndProject
Project("{FAE04EC0-301F-11D3-BF4B-00C04F79EFBC}") = "FizzBuzzLibrary", "FizzBuzzLibrary\FizzBuzzLibrary.csproj", "{D73C7589-D67C-46D7-8903-332C9EF97FF2}"
EndProject
Project("{2150E333-8FDC-42A3-9474-1A3956D46DE8}") = "Solution Items", "Solution Items", "{DF7138D7-C244-4581-B7F0-E28211AA6603}"
	ProjectSection(SolutionItems) = preProject
		build.cake = build.cake
		build.ps1 = build.ps1
	EndProjectSection
EndProject
Global
	GlobalSection(SolutionConfigurationPlatforms) = preSolution
		Debug|Any CPU = Debug|Any CPU
		Release|Any CPU = Release|Any CPU
	EndGlobalSection
	GlobalSection(ProjectConfigurationPlatforms) = postSolution
		{61F60E97-D6F6-47BC-A377-CD2A7C988BED}.Debug|Any CPU.ActiveCfg = Debug|Any CPU
		{61F60E97-D6F6-47BC-A377-CD2A7C988BED}.Debug|Any CPU.Build.0 = Debug|Any CPU
		{61F60E97-D6F6-47BC-A377-CD2A7C988BED}.Release|Any CPU.ActiveCfg = Release|Any CPU
		{61F60E97-D6F6-47BC-A377-CD2A7C988BED}.Release|Any CPU.Build.0 = Release|Any CPU
		{3F4DEE87-1FC8-4D5A-9D73-4529EC11A4D0}.Debug|Any CPU.ActiveCfg = Debug|Any CPU
		{3F4DEE87-1FC8-4D5A-9D73-4529EC11A4D0}.Debug|Any CPU.Build.0 = Debug|Any CPU
		{3F4DEE87-1FC8-4D5A-9D73-4529EC11A4D0}.Release|Any CPU.ActiveCfg = Release|Any CPU
		{3F4DEE87-1FC8-4D5A-9D73-4529EC11A4D0}.Release|Any CPU.Build.0 = Release|Any CPU
		{D73C7589-D67C-46D7-8903-332C9EF97FF2}.Debug|Any CPU.ActiveCfg = Debug|Any CPU
		{D73C7589-D67C-46D7-8903-332C9EF97FF2}.Debug|Any CPU.Build.0 = Debug|Any CPU
		{D73C7589-D67C-46D7-8903-332C9EF97FF2}.Release|Any CPU.ActiveCfg = Release|Any CPU
		{D73C7589-D67C-46D7-8903-332C9EF97FF2}.Release|Any CPU.Build.0 = Release|Any CPU
	EndGlobalSection
	GlobalSection(SolutionProperties) = preSolution
		HideSolutionNode = FALSE
	EndGlobalSection
EndGlobal
